
Microsoft Visual Studio Solution File, Format Version 12.00
# Visual Studio Version 17
VisualStudioVersion = 17.0.31903.59
MinimumVisualStudioVersion = 10.0.40219.1
Project("{2150E333-8FDC-42A3-9474-1A3956D46DE8}") = "src", "src", "{827E0CD3-B72D-47B6-A68D-7590B98EB39B}"
EndProject
Project("{FAE04EC0-301F-11D3-BF4B-00C04F79EFBC}") = "RiverSentry.Domain", "src\RiverSentry.Domain\RiverSentry.Domain.csproj", "{13C5CAA8-FAA4-436D-9FC4-2F4D1D273ACA}"
EndProject
Project("{FAE04EC0-301F-11D3-BF4B-00C04F79EFBC}") = "RiverSentry.Contracts", "src\RiverSentry.Contracts\RiverSentry.Contracts.csproj", "{BC88CEDC-ECAC-4379-B103-280EFBA59B69}"
EndProject
Project("{FAE04EC0-301F-11D3-BF4B-00C04F79EFBC}") = "RiverSentry.Application", "src\RiverSentry.Application\RiverSentry.Application.csproj", "{8E3064A8-6C1F-4162-84ED-87CF604F4F82}"
EndProject
Project("{FAE04EC0-301F-11D3-BF4B-00C04F79EFBC}") = "RiverSentry.Infrastructure", "src\RiverSentry.Infrastructure\RiverSentry.Infrastructure.csproj", "{6EF83344-F408-4D4A-BE57-F84D84296905}"
EndProject
Project("{FAE04EC0-301F-11D3-BF4B-00C04F79EFBC}") = "RiverSentry.Api", "src\RiverSentry.Api\RiverSentry.Api.csproj", "{1583E6D0-DDFB-4298-BF4F-053459766F2E}"
EndProject
Project("{FAE04EC0-301F-11D3-BF4B-00C04F79EFBC}") = "RiverSentry.UI.Shared", "src\RiverSentry.UI.Shared\RiverSentry.UI.Shared.csproj", "{EDBA8D1A-6AF8-4BD7-A4EE-62518A06E248}"
EndProject
Project("{FAE04EC0-301F-11D3-BF4B-00C04F79EFBC}") = "RiverSentry.Web", "src\RiverSentry.Web\RiverSentry.Web.csproj", "{FCE836F9-A188-4EA9-BBE7-0ECA006A5188}"
EndProject
Project("{2150E333-8FDC-42A3-9474-1A3956D46DE8}") = "tests", "tests", "{0AB3BF05-4346-4AA6-1389-037BE0695223}"
EndProject
Project("{FAE04EC0-301F-11D3-BF4B-00C04F79EFBC}") = "RiverSentry.Domain.Tests", "tests\RiverSentry.Domain.Tests\RiverSentry.Domain.Tests.csproj", "{0F05FF09-2337-48D5-8AD2-E31BA369EAA8}"
EndProject
Project("{FAE04EC0-301F-11D3-BF4B-00C04F79EFBC}") = "RiverSentry.Application.Tests", "tests\RiverSentry.Application.Tests\RiverSentry.Application.Tests.csproj", "{0E46824C-5C2C-48EF-B83D-1D60AAECD6B9}"
EndProject
Project("{FAE04EC0-301F-11D3-BF4B-00C04F79EFBC}") = "RiverSentry.Api.Tests", "tests\RiverSentry.Api.Tests\RiverSentry.Api.Tests.csproj", "{8C2CA029-BD76-431C-B362-468AD0AC9890}"
EndProject
Project("{FAE04EC0-301F-11D3-BF4B-00C04F79EFBC}") = "RiverSentry.Mobile", "src\RiverSentry.Mobile\RiverSentry.Mobile.csproj", "{F105696D-AE2C-46FE-9149-66DCF4BA32F5}"
EndProject
Global
	GlobalSection(SolutionConfigurationPlatforms) = preSolution
		Debug|Any CPU = Debug|Any CPU
		Debug|x64 = Debug|x64
		Debug|x86 = Debug|x86
		Release|Any CPU = Release|Any CPU
		Release|x64 = Release|x64
		Release|x86 = Release|x86
	EndGlobalSection
	GlobalSection(ProjectConfigurationPlatforms) = postSolution
		{13C5CAA8-FAA4-436D-9FC4-2F4D1D273ACA}.Debug|Any CPU.ActiveCfg = Debug|Any CPU
		{13C5CAA8-FAA4-436D-9FC4-2F4D1D273ACA}.Debug|Any CPU.Build.0 = Debug|Any CPU
		{13C5CAA8-FAA4-436D-9FC4-2F4D1D273ACA}.Debug|x64.ActiveCfg = Debug|Any CPU
		{13C5CAA8-FAA4-436D-9FC4-2F4D1D273ACA}.Debug|x64.Build.0 = Debug|Any CPU
		{13C5CAA8-FAA4-436D-9FC4-2F4D1D273ACA}.Debug|x86.ActiveCfg = Debug|Any CPU
		{13C5CAA8-FAA4-436D-9FC4-2F4D1D273ACA}.Debug|x86.Build.0 = Debug|Any CPU
		{13C5CAA8-FAA4-436D-9FC4-2F4D1D273ACA}.Release|Any CPU.ActiveCfg = Release|Any CPU
		{13C5CAA8-FAA4-436D-9FC4-2F4D1D273ACA}.Release|Any CPU.Build.0 = Release|Any CPU
		{13C5CAA8-FAA4-436D-9FC4-2F4D1D273ACA}.Release|x64.ActiveCfg = Release|Any CPU
		{13C5CAA8-FAA4-436D-9FC4-2F4D1D273ACA}.Release|x64.Build.0 = Release|Any CPU
		{13C5CAA8-FAA4-436D-9FC4-2F4D1D273ACA}.Release|x86.ActiveCfg = Release|Any CPU
		{13C5CAA8-FAA4-436D-9FC4-2F4D1D273ACA}.Release|x86.Build.0 = Release|Any CPU
		{BC88CEDC-ECAC-4379-B103-280EFBA59B69}.Debug|Any CPU.ActiveCfg = Debug|Any CPU
		{BC88CEDC-ECAC-4379-B103-280EFBA59B69}.Debug|Any CPU.Build.0 = Debug|Any CPU
		{BC88CEDC-ECAC-4379-B103-280EFBA59B69}.Debug|x64.ActiveCfg = Debug|Any CPU
		{BC88CEDC-ECAC-4379-B103-280EFBA59B69}.Debug|x64.Build.0 = Debug|Any CPU
		{BC88CEDC-ECAC-4379-B103-280EFBA59B69}.Debug|x86.ActiveCfg = Debug|Any CPU
		{BC88CEDC-ECAC-4379-B103-280EFBA59B69}.Debug|x86.Build.0 = Debug|Any CPU
		{BC88CEDC-ECAC-4379-B103-280EFBA59B69}.Release|Any CPU.ActiveCfg = Release|Any CPU
		{BC88CEDC-ECAC-4379-B103-280EFBA59B69}.Release|Any CPU.Build.0 = Release|Any CPU
		{BC88CEDC-ECAC-4379-B103-280EFBA59B69}.Release|x64.ActiveCfg = Release|Any CPU
		{BC88CEDC-ECAC-4379-B103-280EFBA59B69}.Release|x64.Build.0 = Release|Any CPU
		{BC88CEDC-ECAC-4379-B103-280EFBA59B69}.Release|x86.ActiveCfg = Release|Any CPU
		{BC88CEDC-ECAC-4379-B103-280EFBA59B69}.Release|x86.Build.0 = Release|Any CPU
		{8E3064A8-6C1F-4162-84ED-87CF604F4F82}.Debug|Any CPU.ActiveCfg = Debug|Any CPU
		{8E3064A8-6C1F-4162-84ED-87CF604F4F82}.Debug|Any CPU.Build.0 = Debug|Any CPU
		{8E3064A8-6C1F-4162-84ED-87CF604F4F82}.Debug|x64.ActiveCfg = Debug|Any CPU
		{8E3064A8-6C1F-4162-84ED-87CF604F4F82}.Debug|x64.Build.0 = Debug|Any CPU
		{8E3064A8-6C1F-4162-84ED-87CF604F4F82}.Debug|x86.ActiveCfg = Debug|Any CPU
		{8E3064A8-6C1F-4162-84ED-87CF604F4F82}.Debug|x86.Build.0 = Debug|Any CPU
		{8E3064A8-6C1F-4162-84ED-87CF604F4F82}.Release|Any CPU.ActiveCfg = Release|Any CPU
		{8E3064A8-6C1F-4162-84ED-87CF604F4F82}.Release|Any CPU.Build.0 = Release|Any CPU
		{8E3064A8-6C1F-4162-84ED-87CF604F4F82}.Release|x64.ActiveCfg = Release|Any CPU
		{8E3064A8-6C1F-4162-84ED-87CF604F4F82}.Release|x64.Build.0 = Release|Any CPU
		{8E3064A8-6C1F-4162-84ED-87CF604F4F82}.Release|x86.ActiveCfg = Release|Any CPU
		{8E3064A8-6C1F-4162-84ED-87CF604F4F82}.Release|x86.Build.0 = Release|Any CPU
		{6EF83344-F408-4D4A-BE57-F84D84296905}.Debug|Any CPU.ActiveCfg = Debug|Any CPU
		{6EF83344-F408-4D4A-BE57-F84D84296905}.Debug|Any CPU.Build.0 = Debug|Any CPU
		{6EF83344-F408-4D4A-BE57-F84D84296905}.Debug|x64.ActiveCfg = Debug|Any CPU
		{6EF83344-F408-4D4A-BE57-F84D84296905}.Debug|x64.Build.0 = Debug|Any CPU
		{6EF83344-F408-4D4A-BE57-F84D84296905}.Debug|x86.ActiveCfg = Debug|Any CPU
		{6EF83344-F408-4D4A-BE57-F84D84296905}.Debug|x86.Build.0 = Debug|Any CPU
		{6EF83344-F408-4D4A-BE57-F84D84296905}.Release|Any CPU.ActiveCfg = Release|Any CPU
		{6EF83344-F408-4D4A-BE57-F84D84296905}.Release|Any CPU.Build.0 = Release|Any CPU
		{6EF83344-F408-4D4A-BE57-F84D84296905}.Release|x64.ActiveCfg = Release|Any CPU
		{6EF83344-F408-4D4A-BE57-F84D84296905}.Release|x64.Build.0 = Release|Any CPU
		{6EF83344-F408-4D4A-BE57-F84D84296905}.Release|x86.ActiveCfg = Release|Any CPU
		{6EF83344-F408-4D4A-BE57-F84D84296905}.Release|x86.Build.0 = Release|Any CPU
		{1583E6D0-DDFB-4298-BF4F-053459766F2E}.Debug|Any CPU.ActiveCfg = Debug|Any CPU
		{1583E6D0-DDFB-4298-BF4F-053459766F2E}.Debug|Any CPU.Build.0 = Debug|Any CPU
		{1583E6D0-DDFB-4298-BF4F-053459766F2E}.Debug|x64.ActiveCfg = Debug|Any CPU
		{1583E6D0-DDFB-4298-BF4F-053459766F2E}.Debug|x64.Build.0 = Debug|Any CPU
		{1583E6D0-DDFB-4298-BF4F-053459766F2E}.Debug|x86.ActiveCfg = Debug|Any CPU
		{1583E6D0-DDFB-4298-BF4F-053459766F2E}.Debug|x86.Build.0 = Debug|Any CPU
		{1583E6D0-DDFB-4298-BF4F-053459766F2E}.Release|Any CPU.ActiveCfg = Release|Any CPU
		{1583E6D0-DDFB-4298-BF4F-053459766F2E}.Release|Any CPU.Build.0 = Release|Any CPU
		{1583E6D0-DDFB-4298-BF4F-053459766F2E}.Release|x64.ActiveCfg = Release|Any CPU
		{1583E6D0-DDFB-4298-BF4F-053459766F2E}.Release|x64.Build.0 = Release|Any CPU
		{1583E6D0-DDFB-4298-BF4F-053459766F2E}.Release|x86.ActiveCfg = Release|Any CPU
		{1583E6D0-DDFB-4298-BF4F-053459766F2E}.Release|x86.Build.0 = Release|Any CPU
		{EDBA8D1A-6AF8-4BD7-A4EE-62518A06E248}.Debug|Any CPU.ActiveCfg = Debug|Any CPU
		{EDBA8D1A-6AF8-4BD7-A4EE-62518A06E248}.Debug|Any CPU.Build.0 = Debug|Any CPU
		{EDBA8D1A-6AF8-4BD7-A4EE-62518A06E248}.Debug|x64.ActiveCfg = Debug|Any CPU
		{EDBA8D1A-6AF8-4BD7-A4EE-62518A06E248}.Debug|x64.Build.0 = Debug|Any CPU
		{EDBA8D1A-6AF8-4BD7-A4EE-62518A06E248}.Debug|x86.ActiveCfg = Debug|Any CPU
		{EDBA8D1A-6AF8-4BD7-A4EE-62518A06E248}.Debug|x86.Build.0 = Debug|Any CPU
		{EDBA8D1A-6AF8-4BD7-A4EE-62518A06E248}.Release|Any CPU.ActiveCfg = Release|Any CPU
		{EDBA8D1A-6AF8-4BD7-A4EE-62518A06E248}.Release|Any CPU.Build.0 = Release|Any CPU
		{EDBA8D1A-6AF8-4BD7-A4EE-62518A06E248}.Release|x64.ActiveCfg = Release|Any CPU
		{EDBA8D1A-6AF8-4BD7-A4EE-62518A06E248}.Release|x64.Build.0 = Release|Any CPU
		{EDBA8D1A-6AF8-4BD7-A4EE-62518A06E248}.Release|x86.ActiveCfg = Release|Any CPU
		{EDBA8D1A-6AF8-4BD7-A4EE-62518A06E248}.Release|x86.Build.0 = Release|Any CPU
		{FCE836F9-A188-4EA9-BBE7-0ECA006A5188}.Debug|Any CPU.ActiveCfg = Debug|Any CPU
		{FCE836F9-A188-4EA9-BBE7-0ECA006A5188}.Debug|Any CPU.Build.0 = Debug|Any CPU
		{FCE836F9-A188-4EA9-BBE7-0ECA006A5188}.Debug|x64.ActiveCfg = Debug|Any CPU
		{FCE836F9-A188-4EA9-BBE7-0ECA006A5188}.Debug|x64.Build.0 = Debug|Any CPU
		{FCE836F9-A188-4EA9-BBE7-0ECA006A5188}.Debug|x86.ActiveCfg = Debug|Any CPU
		{FCE836F9-A188-4EA9-BBE7-0ECA006A5188}.Debug|x86.Build.0 = Debug|Any CPU
		{FCE836F9-A188-4EA9-BBE7-0ECA006A5188}.Release|Any CPU.ActiveCfg = Release|Any CPU
		{FCE836F9-A188-4EA9-BBE7-0ECA006A5188}.Release|Any CPU.Build.0 = Release|Any CPU
		{FCE836F9-A188-4EA9-BBE7-0ECA006A5188}.Release|x64.ActiveCfg = Release|Any CPU
		{FCE836F9-A188-4EA9-BBE7-0ECA006A5188}.Release|x64.Build.0 = Release|Any CPU
		{FCE836F9-A188-4EA9-BBE7-0ECA006A5188}.Release|x86.ActiveCfg = Release|Any CPU
		{FCE836F9-A188-4EA9-BBE7-0ECA006A5188}.Release|x86.Build.0 = Release|Any CPU
		{0F05FF09-2337-48D5-8AD2-E31BA369EAA8}.Debug|Any CPU.ActiveCfg = Debug|Any CPU
		{0F05FF09-2337-48D5-8AD2-E31BA369EAA8}.Debug|Any CPU.Build.0 = Debug|Any CPU
		{0F05FF09-2337-48D5-8AD2-E31BA369EAA8}.Debug|x64.ActiveCfg = Debug|Any CPU
		{0F05FF09-2337-48D5-8AD2-E31BA369EAA8}.Debug|x64.Build.0 = Debug|Any CPU
		{0F05FF09-2337-48D5-8AD2-E31BA369EAA8}.Debug|x86.ActiveCfg = Debug|Any CPU
		{0F05FF09-2337-48D5-8AD2-E31BA369EAA8}.Debug|x86.Build.0 = Debug|Any CPU
		{0F05FF09-2337-48D5-8AD2-E31BA369EAA8}.Release|Any CPU.ActiveCfg = Release|Any CPU
		{0F05FF09-2337-48D5-8AD2-E31BA369EAA8}.Release|Any CPU.Build.0 = Release|Any CPU
		{0F05FF09-2337-48D5-8AD2-E31BA369EAA8}.Release|x64.ActiveCfg = Release|Any CPU
		{0F05FF09-2337-48D5-8AD2-E31BA369EAA8}.Release|x64.Build.0 = Release|Any CPU
		{0F05FF09-2337-48D5-8AD2-E31BA369EAA8}.Release|x86.ActiveCfg = Release|Any CPU
		{0F05FF09-2337-48D5-8AD2-E31BA369EAA8}.Release|x86.Build.0 = Release|Any CPU
		{0E46824C-5C2C-48EF-B83D-1D60AAECD6B9}.Debug|Any CPU.ActiveCfg = Debug|Any CPU
		{0E46824C-5C2C-48EF-B83D-1D60AAECD6B9}.Debug|Any CPU.Build.0 = Debug|Any CPU
		{0E46824C-5C2C-48EF-B83D-1D60AAECD6B9}.Debug|x64.ActiveCfg = Debug|Any CPU
		{0E46824C-5C2C-48EF-B83D-1D60AAECD6B9}.Debug|x64.Build.0 = Debug|Any CPU
		{0E46824C-5C2C-48EF-B83D-1D60AAECD6B9}.Debug|x86.ActiveCfg = Debug|Any CPU
		{0E46824C-5C2C-48EF-B83D-1D60AAECD6B9}.Debug|x86.Build.0 = Debug|Any CPU
		{0E46824C-5C2C-48EF-B83D-1D60AAECD6B9}.Release|Any CPU.ActiveCfg = Release|Any CPU
		{0E46824C-5C2C-48EF-B83D-1D60AAECD6B9}.Release|Any CPU.Build.0 = Release|Any CPU
		{0E46824C-5C2C-48EF-B83D-1D60AAECD6B9}.Release|x64.ActiveCfg = Release|Any CPU
		{0E46824C-5C2C-48EF-B83D-1D60AAECD6B9}.Release|x64.Build.0 = Release|Any CPU
		{0E46824C-5C2C-48EF-B83D-1D60AAECD6B9}.Release|x86.ActiveCfg = Release|Any CPU
		{0E46824C-5C2C-48EF-B83D-1D60AAECD6B9}.Release|x86.Build.0 = Release|Any CPU
		{8C2CA029-BD76-431C-B362-468AD0AC9890}.Debug|Any CPU.ActiveCfg = Debug|Any CPU
		{8C2CA029-BD76-431C-B362-468AD0AC9890}.Debug|Any CPU.Build.0 = Debug|Any CPU
		{8C2CA029-BD76-431C-B362-468AD0AC9890}.Debug|x64.ActiveCfg = Debug|Any CPU
		{8C2CA029-BD76-431C-B362-468AD0AC9890}.Debug|x64.Build.0 = Debug|Any CPU
		{8C2CA029-BD76-431C-B362-468AD0AC9890}.Debug|x86.ActiveCfg = Debug|Any CPU
		{8C2CA029-BD76-431C-B362-468AD0AC9890}.Debug|x86.Build.0 = Debug|Any CPU
		{8C2CA029-BD76-431C-B362-468AD0AC9890}.Release|Any CPU.ActiveCfg = Release|Any CPU
		{8C2CA029-BD76-431C-B362-468AD0AC9890}.Release|Any CPU.Build.0 = Release|Any CPU
		{8C2CA029-BD76-431C-B362-468AD0AC9890}.Release|x64.ActiveCfg = Release|Any CPU
		{8C2CA029-BD76-431C-B362-468AD0AC9890}.Release|x64.Build.0 = Release|Any CPU
		{8C2CA029-BD76-431C-B362-468AD0AC9890}.Release|x86.ActiveCfg = Release|Any CPU
		{8C2CA029-BD76-431C-B362-468AD0AC9890}.Release|x86.Build.0 = Release|Any CPU
		{F105696D-AE2C-46FE-9149-66DCF4BA32F5}.Debug|Any CPU.ActiveCfg = Debug|Any CPU
		{F105696D-AE2C-46FE-9149-66DCF4BA32F5}.Debug|Any CPU.Build.0 = Debug|Any CPU
		{F105696D-AE2C-46FE-9149-66DCF4BA32F5}.Debug|x64.ActiveCfg = Debug|Any CPU
		{F105696D-AE2C-46FE-9149-66DCF4BA32F5}.Debug|x64.Build.0 = Debug|Any CPU
		{F105696D-AE2C-46FE-9149-66DCF4BA32F5}.Debug|x86.ActiveCfg = Debug|Any CPU
		{F105696D-AE2C-46FE-9149-66DCF4BA32F5}.Debug|x86.Build.0 = Debug|Any CPU
		{F105696D-AE2C-46FE-9149-66DCF4BA32F5}.Release|Any CPU.ActiveCfg = Release|Any CPU
		{F105696D-AE2C-46FE-9149-66DCF4BA32F5}.Release|Any CPU.Build.0 = Release|Any CPU
		{F105696D-AE2C-46FE-9149-66DCF4BA32F5}.Release|x64.ActiveCfg = Release|Any CPU
		{F105696D-AE2C-46FE-9149-66DCF4BA32F5}.Release|x64.Build.0 = Release|Any CPU
		{F105696D-AE2C-46FE-9149-66DCF4BA32F5}.Release|x86.ActiveCfg = Release|Any CPU
		{F105696D-AE2C-46FE-9149-66DCF4BA32F5}.Release|x86.Build.0 = Release|Any CPU
	EndGlobalSection
	GlobalSection(SolutionProperties) = preSolution
		HideSolutionNode = FALSE
	EndGlobalSection
	GlobalSection(NestedProjects) = preSolution
		{13C5CAA8-FAA4-436D-9FC4-2F4D1D273ACA} = {827E0CD3-B72D-47B6-A68D-7590B98EB39B}
		{BC88CEDC-ECAC-4379-B103-280EFBA59B69} = {827E0CD3-B72D-47B6-A68D-7590B98EB39B}
		{8E3064A8-6C1F-4162-84ED-87CF604F4F82} = {827E0CD3-B72D-47B6-A68D-7590B98EB39B}
		{6EF83344-F408-4D4A-BE57-F84D84296905} = {827E0CD3-B72D-47B6-A68D-7590B98EB39B}
		{1583E6D0-DDFB-4298-BF4F-053459766F2E} = {827E0CD3-B72D-47B6-A68D-7590B98EB39B}
		{EDBA8D1A-6AF8-4BD7-A4EE-62518A06E248} = {827E0CD3-B72D-47B6-A68D-7590B98EB39B}
		{FCE836F9-A188-4EA9-BBE7-0ECA006A5188} = {827E0CD3-B72D-47B6-A68D-7590B98EB39B}
		{0F05FF09-2337-48D5-8AD2-E31BA369EAA8} = {0AB3BF05-4346-4AA6-1389-037BE0695223}
		{0E46824C-5C2C-48EF-B83D-1D60AAECD6B9} = {0AB3BF05-4346-4AA6-1389-037BE0695223}
		{8C2CA029-BD76-431C-B362-468AD0AC9890} = {0AB3BF05-4346-4AA6-1389-037BE0695223}
		{F105696D-AE2C-46FE-9149-66DCF4BA32F5} = {827E0CD3-B72D-47B6-A68D-7590B98EB39B}
	EndGlobalSection
EndGlobal
